{
  "originHash" : "29e22e69241f4b0551709ba54266e0c08691815202f9d91e1012dd26a3679a2d",
  "pins" : [
    {
      "identity" : "mapbox-common-ios",
      "kind" : "remoteSourceControl",
      "location" : "https://github.com/mapbox/mapbox-common-ios.git",
      "state" : {
        "revision" : "bf7de994cadc31e8c8d23e34e7282978a7221806",
        "version" : "24.16.1"
      }
    },
    {
      "identity" : "mapbox-core-maps-ios",
      "kind" : "remoteSourceControl",
      "location" : "https://github.com/mapbox/mapbox-core-maps-ios.git",
      "state" : {
        "revision" : "ebf64693cf48ea81ae36d5148dc2cd6c2a249abe",
        "version" : "11.16.1"
      }
    },
    {
      "identity" : "mapbox-maps-ios",
      "kind" : "remoteSourceControl",
      "location" : "https://github.com/mapbox/mapbox-maps-ios.git",
      "state" : {
        "revision" : "bd85d57ac232b960e1fdef8482d1d1236a54b87b",
        "version" : "11.16.1"
      }
    },
    {
      "identity" : "mapbox-search-ios",
      "kind" : "remoteSourceControl",
      "location" : "https://github.com/mapbox/mapbox-search-ios.git",
      "state" : {
        "revision" : "01d64d4a1cbefcb04355a0af884d9c30b89716e7",
        "version" : "2.16.1"
      }
    },
    {
      "identity" : "turf-swift",
      "kind" : "remoteSourceControl",
      "location" : "https://github.com/mapbox/turf-swift.git",
      "state" : {
        "revision" : "bf840e6b9529d105687840fe2c9dcd74197d46d1",
        "version" : "4.0.0"
      }
    }
  ],
  "version" : 3
}
